// !$*UTF8*$!
{
	archiveVersion = 1;
	classes = {
	};
	objectVersion = 46;
	objects = {

/* Begin PBXBuildFile section */
		4B6BAF561DC724E4006BC6A9 /* KBannerViewFollow.m in Sources */ = {isa = PBXBuildFile; fileRef = 4B6BAF531DC724E4006BC6A9 /* KBannerViewFollow.m */; };
		4B6BAF571DC724E4006BC6A9 /* SConentView.m in Sources */ = {isa = PBXBuildFile; fileRef = 4B6BAF551DC724E4006BC6A9 /* SConentView.m */; };
		4B6BAF661DC72566006BC6A9 /* image_0.jpg in Resources */ = {isa = PBXBuildFile; fileRef = 4B6BAF5C1DC72566006BC6A9 /* image_0.jpg */; };
		4B6BAF671DC72566006BC6A9 /* image_1.jpg in Resources */ = {isa = PBXBuildFile; fileRef = 4B6BAF5D1DC72566006BC6A9 /* image_1.jpg */; };
		4B6BAF681DC72566006BC6A9 /* image_2.jpg in Resources */ = {isa = PBXBuildFile; fileRef = 4B6BAF5E1DC72566006BC6A9 /* image_2.jpg */; };
		4B6BAF691DC72566006BC6A9 /* image_3.jpg in Resources */ = {isa = PBXBuildFile; fileRef = 4B6BAF5F1DC72566006BC6A9 /* image_3.jpg */; };
		4B6BAF6A1DC72566006BC6A9 /* image_4.jpg in Resources */ = {isa = PBXBuildFile; fileRef = 4B6BAF601DC72566006BC6A9 /* image_4.jpg */; };
		4B6BAF6B1DC72566006BC6A9 /* image_5.jpg in Resources */ = {isa = PBXBuildFile; fileRef = 4B6BAF611DC72566006BC6A9 /* image_5.jpg */; };
		4B6BAF6C1DC72566006BC6A9 /* image_6.jpg in Resources */ = {isa = PBXBuildFile; fileRef = 4B6BAF621DC72566006BC6A9 /* image_6.jpg */; };
		4B6BAF6D1DC72566006BC6A9 /* image_7.jpg in Resources */ = {isa = PBXBuildFile; fileRef = 4B6BAF631DC72566006BC6A9 /* image_7.jpg */; };
		4B6BAF6E1DC72566006BC6A9 /* image_8.jpg in Resources */ = {isa = PBXBuildFile; fileRef = 4B6BAF641DC72566006BC6A9 /* image_8.jpg */; };
		4B6BAF6F1DC72566006BC6A9 /* image_9.jpg in Resources */ = {isa = PBXBuildFile; fileRef = 4B6BAF651DC72566006BC6A9 /* image_9.jpg */; };
		4B6BAF731DC725C2006BC6A9 /* ViewController.m in Sources */ = {isa = PBXBuildFile; fileRef = 4B6BAF721DC725C2006BC6A9 /* ViewController.m */; };
		4B6BAF751DC725D7006BC6A9 /* Images.plist in Resources */ = {isa = PBXBuildFile; fileRef = 4B6BAF741DC725D7006BC6A9 /* Images.plist */; };
		4BF783291DC6E885007F4CE9 /* main.m in Sources */ = {isa = PBXBuildFile; fileRef = 4BF783281DC6E885007F4CE9 /* main.m */; };
		4BF7832C1DC6E885007F4CE9 /* AppDelegate.m in Sources */ = {isa = PBXBuildFile; fileRef = 4BF7832B1DC6E885007F4CE9 /* AppDelegate.m */; };
		4BF783321DC6E885007F4CE9 /* Main.storyboard in Resources */ = {isa = PBXBuildFile; fileRef = 4BF783301DC6E885007F4CE9 /* Main.storyboard */; };
		4BF783341DC6E885007F4CE9 /* Assets.xcassets in Resources */ = {isa = PBXBuildFile; fileRef = 4BF783331DC6E885007F4CE9 /* Assets.xcassets */; };
		4BF783371DC6E885007F4CE9 /* LaunchScreen.storyboard in Resources */ = {isa = PBXBuildFile; fileRef = 4BF783351DC6E885007F4CE9 /* LaunchScreen.storyboard */; };
		4BF783421DC6E886007F4CE9 /* KLoopBannerTests.m in Sources */ = {isa = PBXBuildFile; fileRef = 4BF783411DC6E886007F4CE9 /* KLoopBannerTests.m */; };
		4BF7834D1DC6E886007F4CE9 /* KLoopBannerUITests.m in Sources */ = {isa = PBXBuildFile; fileRef = 4BF7834C1DC6E886007F4CE9 /* KLoopBannerUITests.m */; };
/* End PBXBuildFile section */

/* Begin PBXContainerItemProxy section */
		4BF7833E1DC6E886007F4CE9 /* PBXContainerItemProxy */ = {
			isa = PBXContainerItemProxy;
			containerPortal = 4BF7831C1DC6E885007F4CE9 /* Project object */;
			proxyType = 1;
			remoteGlobalIDString = 4BF783231DC6E885007F4CE9;
			remoteInfo = KLoopBanner;
		};
		4BF783491DC6E886007F4CE9 /* PBXContainerItemProxy */ = {
			isa = PBXContainerItemProxy;
			containerPortal = 4BF7831C1DC6E885007F4CE9 /* Project object */;
			proxyType = 1;
			remoteGlobalIDString = 4BF783231DC6E885007F4CE9;
			remoteInfo = KLoopBanner;
		};
/* End PBXContainerItemProxy section */

/* Begin PBXFileReference section */
		4B6BAF521DC724E4006BC6A9 /* KBannerViewFollow.h */ = {isa = PBXFileReference; fileEncoding = 4; lastKnownFileType = sourcecode.c.h; path = KBannerViewFollow.h; sourceTree = "<group>"; };
		4B6BAF531DC724E4006BC6A9 /* KBannerViewFollow.m */ = {isa = PBXFileReference; fileEncoding = 4; lastKnownFileType = sourcecode.c.objc; path = KBannerViewFollow.m; sourceTree = "<group>"; };
		4B6BAF541DC724E4006BC6A9 /* SConentView.h */ = {isa = PBXFileReference; fileEncoding = 4; lastKnownFileType = sourcecode.c.h; path = SConentView.h; sourceTree = "<group>"; };
		4B6BAF551DC724E4006BC6A9 /* SConentView.m */ = {isa = PBXFileReference; fileEncoding = 4; lastKnownFileType = sourcecode.c.objc; path = SConentView.m; sourceTree = "<group>"; };
		4B6BAF5C1DC72566006BC6A9 /* image_0.jpg */ = {isa = PBXFileReference; lastKnownFileType = image.jpeg; path = image_0.jpg; sourceTree = "<group>"; };
		4B6BAF5D1DC72566006BC6A9 /* image_1.jpg */ = {isa = PBXFileReference; lastKnownFileType = image.jpeg; path = image_1.jpg; sourceTree = "<group>"; };
		4B6BAF5E1DC72566006BC6A9 /* image_2.jpg */ = {isa = PBXFileReference; lastKnownFileType = image.jpeg; path = image_2.jpg; sourceTree = "<group>"; };
		4B6BAF5F1DC72566006BC6A9 /* image_3.jpg */ = {isa = PBXFileReference; lastKnownFileType = image.jpeg; path = image_3.jpg; sourceTree = "<group>"; };
		4B6BAF601DC72566006BC6A9 /* image_4.jpg */ = {isa = PBXFileReference; lastKnownFileType = image.jpeg; path = image_4.jpg; sourceTree = "<group>"; };
		4B6BAF611DC72566006BC6A9 /* image_5.jpg */ = {isa = PBXFileReference; lastKnownFileType = image.jpeg; path = image_5.jpg; sourceTree = "<group>"; };
		4B6BAF621DC72566006BC6A9 /* image_6.jpg */ = {isa = PBXFileReference; lastKnownFileType = image.jpeg; path = image_6.jpg; sourceTree = "<group>"; };
		4B6BAF631DC72566006BC6A9 /* image_7.jpg */ = {isa = PBXFileReference; lastKnownFileType = image.jpeg; path = image_7.jpg; sourceTree = "<group>"; };
		4B6BAF641DC72566006BC6A9 /* image_8.jpg */ = {isa = PBXFileReference; lastKnownFileType = image.jpeg; path = image_8.jpg; sourceTree = "<group>"; };
		4B6BAF651DC72566006BC6A9 /* image_9.jpg */ = {isa = PBXFileReference; lastKnownFileType = image.jpeg; path = image_9.jpg; sourceTree = "<group>"; };
		4B6BAF711DC725C2006BC6A9 /* ViewController.h */ = {isa = PBXFileReference; fileEncoding = 4; lastKnownFileType = sourcecode.c.h; path = ViewController.h; sourceTree = "<group>"; };
		4B6BAF721DC725C2006BC6A9 /* ViewController.m */ = {isa = PBXFileReference; fileEncoding = 4; lastKnownFileType = sourcecode.c.objc; path = ViewController.m; sourceTree = "<group>"; };
		4B6BAF741DC725D7006BC6A9 /* Images.plist */ = {isa = PBXFileReference; fileEncoding = 4; lastKnownFileType = text.plist.xml; name = Images.plist; path = KLoopBanner/Images.plist; sourceTree = SOURCE_ROOT; };
		4BF783241DC6E885007F4CE9 /* KLoopBanner.app */ = {isa = PBXFileReference; explicitFileType = wrapper.application; includeInIndex = 0; path = KLoopBanner.app; sourceTree = BUILT_PRODUCTS_DIR; };
		4BF783281DC6E885007F4CE9 /* main.m */ = {isa = PBXFileReference; lastKnownFileType = sourcecode.c.objc; path = main.m; sourceTree = "<group>"; };
		4BF7832A1DC6E885007F4CE9 /* AppDelegate.h */ = {isa = PBXFileReference; lastKnownFileType = sourcecode.c.h; path = AppDelegate.h; sourceTree = "<group>"; };
		4BF7832B1DC6E885007F4CE9 /* AppDelegate.m */ = {isa = PBXFileReference; lastKnownFileType = sourcecode.c.objc; path = AppDelegate.m; sourceTree = "<group>"; };
		4BF783311DC6E885007F4CE9 /* Base */ = {isa = PBXFileReference; lastKnownFileType = file.storyboard; name = Base; path = Base.lproj/Main.storyboard; sourceTree = "<group>"; };
		4BF783331DC6E885007F4CE9 /* Assets.xcassets */ = {isa = PBXFileReference; lastKnownFileType = folder.assetcatalog; path = Assets.xcassets; sourceTree = "<group>"; };
		4BF783361DC6E885007F4CE9 /* Base */ = {isa = PBXFileReference; lastKnownFileType = file.storyboard; name = Base; path = Base.lproj/LaunchScreen.storyboard; sourceTree = "<group>"; };
		4BF783381DC6E885007F4CE9 /* Info.plist */ = {isa = PBXFileReference; lastKnownFileType = text.plist.xml; path = Info.plist; sourceTree = "<group>"; };
		4BF7833D1DC6E886007F4CE9 /* KLoopBannerTests.xctest */ = {isa = PBXFileReference; explicitFileType = wrapper.cfbundle; includeInIndex = 0; path = KLoopBannerTests.xctest; sourceTree = BUILT_PRODUCTS_DIR; };
		4BF783411DC6E886007F4CE9 /* KLoopBannerTests.m */ = {isa = PBXFileReference; lastKnownFileType = sourcecode.c.objc; path = KLoopBannerTests.m; sourceTree = "<group>"; };
		4BF783431DC6E886007F4CE9 /* Info.plist */ = {isa = PBXFileReference; lastKnownFileType = text.plist.xml; path = Info.plist; sourceTree = "<group>"; };
		4BF783481DC6E886007F4CE9 /* KLoopBannerUITests.xctest */ = {isa = PBXFileReference; explicitFileType = wrapper.cfbundle; includeInIndex = 0; path = KLoopBannerUITests.xctest; sourceTree = BUILT_PRODUCTS_DIR; };
		4BF7834C1DC6E886007F4CE9 /* KLoopBannerUITests.m */ = {isa = PBXFileReference; lastKnownFileType = sourcecode.c.objc; path = KLoopBannerUITests.m; sourceTree = "<group>"; };
		4BF7834E1DC6E886007F4CE9 /* Info.plist */ = {isa = PBXFileReference; lastKnownFileType = text.plist.xml; path = Info.plist; sourceTree = "<group>"; };
/* End PBXFileReference section */

/* Begin PBXFrameworksBuildPhase section */
		4BF783211DC6E885007F4CE9 /* Frameworks */ = {
			isa = PBXFrameworksBuildPhase;
			buildActionMask = 2147483647;
			files = (
			);
			runOnlyForDeploymentPostprocessing = 0;
		};
		4BF7833A1DC6E886007F4CE9 /* Frameworks */ = {
			isa = PBXFrameworksBuildPhase;
			buildActionMask = 2147483647;
			files = (
			);
			runOnlyForDeploymentPostprocessing = 0;
		};
		4BF783451DC6E886007F4CE9 /* Frameworks */ = {
			isa = PBXFrameworksBuildPhase;
			buildActionMask = 2147483647;
			files = (
			);
			runOnlyForDeploymentPostprocessing = 0;
		};
/* End PBXFrameworksBuildPhase section */

/* Begin PBXGroup section */
		4B6BAF581DC724E7006BC6A9 /* BannerView */ = {
			isa = PBXGroup;
			children = (
				4B6BAF521DC724E4006BC6A9 /* KBannerViewFollow.h */,
				4B6BAF531DC724E4006BC6A9 /* KBannerViewFollow.m */,
				4B6BAF541DC724E4006BC6A9 /* SConentView.h */,
				4B6BAF551DC724E4006BC6A9 /* SConentView.m */,
			);
			name = BannerView;
			sourceTree = "<group>";
		};
		4B6BAF5A1DC72516006BC6A9 /* Others */ = {
			isa = PBXGroup;
			children = (
				4BF7832A1DC6E885007F4CE9 /* AppDelegate.h */,
				4BF7832B1DC6E885007F4CE9 /* AppDelegate.m */,
				4BF783301DC6E885007F4CE9 /* Main.storyboard */,
				4BF783331DC6E885007F4CE9 /* Assets.xcassets */,
				4BF783351DC6E885007F4CE9 /* LaunchScreen.storyboard */,
				4BF783381DC6E885007F4CE9 /* Info.plist */,
			);
			name = Others;
			sourceTree = "<group>";
		};
		4B6BAF5B1DC72566006BC6A9 /* Images */ = {
			isa = PBXGroup;
			children = (
				4B6BAF741DC725D7006BC6A9 /* Images.plist */,
				4B6BAF5C1DC72566006BC6A9 /* image_0.jpg */,
				4B6BAF5D1DC72566006BC6A9 /* image_1.jpg */,
				4B6BAF5E1DC72566006BC6A9 /* image_2.jpg */,
				4B6BAF5F1DC72566006BC6A9 /* image_3.jpg */,
				4B6BAF601DC72566006BC6A9 /* image_4.jpg */,
				4B6BAF611DC72566006BC6A9 /* image_5.jpg */,
				4B6BAF621DC72566006BC6A9 /* image_6.jpg */,
				4B6BAF631DC72566006BC6A9 /* image_7.jpg */,
				4B6BAF641DC72566006BC6A9 /* image_8.jpg */,
				4B6BAF651DC72566006BC6A9 /* image_9.jpg */,
			);
			path = Images;
			sourceTree = "<group>";
		};
		4B6BAF701DC7259F006BC6A9 /* Controller */ = {
			isa = PBXGroup;
			children = (
				4B6BAF711DC725C2006BC6A9 /* ViewController.h */,
				4B6BAF721DC725C2006BC6A9 /* ViewController.m */,
			);
			path = Controller;
			sourceTree = "<group>";
		};
		4BF7831B1DC6E885007F4CE9 = {
			isa = PBXGroup;
			children = (
				4BF783261DC6E885007F4CE9 /* KLoopBanner */,
				4BF783401DC6E886007F4CE9 /* KLoopBannerTests */,
				4BF7834B1DC6E886007F4CE9 /* KLoopBannerUITests */,
				4BF783251DC6E885007F4CE9 /* Products */,
			);
			sourceTree = "<group>";
		};
		4BF783251DC6E885007F4CE9 /* Products */ = {
			isa = PBXGroup;
			children = (
				4BF783241DC6E885007F4CE9 /* KLoopBanner.app */,
				4BF7833D1DC6E886007F4CE9 /* KLoopBannerTests.xctest */,
				4BF783481DC6E886007F4CE9 /* KLoopBannerUITests.xctest */,
			);
			name = Products;
			sourceTree = "<group>";
		};
		4BF783261DC6E885007F4CE9 /* KLoopBanner */ = {
			isa = PBXGroup;
			children = (
				4B6BAF581DC724E7006BC6A9 /* BannerView */,
				4B6BAF701DC7259F006BC6A9 /* Controller */,
				4B6BAF5B1DC72566006BC6A9 /* Images */,
				4B6BAF5A1DC72516006BC6A9 /* Others */,
				4BF783271DC6E885007F4CE9 /* Supporting Files */,
			);
			path = KLoopBanner;
			sourceTree = "<group>";
		};
		4BF783271DC6E885007F4CE9 /* Supporting Files */ = {
			isa = PBXGroup;
			children = (
				4BF783281DC6E885007F4CE9 /* main.m */,
			);
			name = "Supporting Files";
			sourceTree = "<group>";
		};
		4BF783401DC6E886007F4CE9 /* KLoopBannerTests */ = {
			isa = PBXGroup;
			children = (
				4BF783411DC6E886007F4CE9 /* KLoopBannerTests.m */,
				4BF783431DC6E886007F4CE9 /* Info.plist */,
			);
			path = KLoopBannerTests;
			sourceTree = "<group>";
		};
		4BF7834B1DC6E886007F4CE9 /* KLoopBannerUITests */ = {
			isa = PBXGroup;
			children = (
				4BF7834C1DC6E886007F4CE9 /* KLoopBannerUITests.m */,
				4BF7834E1DC6E886007F4CE9 /* Info.plist */,
			);
			path = KLoopBannerUITests;
			sourceTree = "<group>";
		};
/* End PBXGroup section */

/* Begin PBXNativeTarget section */
		4BF783231DC6E885007F4CE9 /* KLoopBanner */ = {
			isa = PBXNativeTarget;
			buildConfigurationList = 4BF783511DC6E886007F4CE9 /* Build configuration list for PBXNativeTarget "KLoopBanner" */;
			buildPhases = (
				4BF783201DC6E885007F4CE9 /* Sources */,
				4BF783211DC6E885007F4CE9 /* Frameworks */,
				4BF783221DC6E885007F4CE9 /* Resources */,
			);
			buildRules = (
			);
			dependencies = (
			);
			name = KLoopBanner;
			productName = KLoopBanner;
			productReference = 4BF783241DC6E885007F4CE9 /* KLoopBanner.app */;
			productType = "com.apple.product-type.application";
		};
		4BF7833C1DC6E886007F4CE9 /* KLoopBannerTests */ = {
			isa = PBXNativeTarget;
			buildConfigurationList = 4BF783541DC6E886007F4CE9 /* Build configuration list for PBXNativeTarget "KLoopBannerTests" */;
			buildPhases = (
				4BF783391DC6E886007F4CE9 /* Sources */,
				4BF7833A1DC6E886007F4CE9 /* Frameworks */,
				4BF7833B1DC6E886007F4CE9 /* Resources */,
			);
			buildRules = (
			);
			dependencies = (
				4BF7833F1DC6E886007F4CE9 /* PBXTargetDependency */,
			);
			name = KLoopBannerTests;
			productName = KLoopBannerTests;
			productReference = 4BF7833D1DC6E886007F4CE9 /* KLoopBannerTests.xctest */;
			productType = "com.apple.product-type.bundle.unit-test";
		};
		4BF783471DC6E886007F4CE9 /* KLoopBannerUITests */ = {
			isa = PBXNativeTarget;
			buildConfigurationList = 4BF783571DC6E886007F4CE9 /* Build configuration list for PBXNativeTarget "KLoopBannerUITests" */;
			buildPhases = (
				4BF783441DC6E886007F4CE9 /* Sources */,
				4BF783451DC6E886007F4CE9 /* Frameworks */,
				4BF783461DC6E886007F4CE9 /* Resources */,
			);
			buildRules = (
			);
			dependencies = (
				4BF7834A1DC6E886007F4CE9 /* PBXTargetDependency */,
			);
			name = KLoopBannerUITests;
			productName = KLoopBannerUITests;
			productReference = 4BF783481DC6E886007F4CE9 /* KLoopBannerUITests.xctest */;
			productType = "com.apple.product-type.bundle.ui-testing";
		};
/* End PBXNativeTarget section */

/* Begin PBXProject section */
		4BF7831C1DC6E885007F4CE9 /* Project object */ = {
			isa = PBXProject;
			attributes = {
				LastUpgradeCheck = 0800;
				ORGANIZATIONNAME = "孔繁武";
				TargetAttributes = {
					4BF783231DC6E885007F4CE9 = {
						CreatedOnToolsVersion = 8.0;
						ProvisioningStyle = Automatic;
					};
					4BF7833C1DC6E886007F4CE9 = {
						CreatedOnToolsVersion = 8.0;
						ProvisioningStyle = Automatic;
						TestTargetID = 4BF783231DC6E885007F4CE9;
					};
					4BF783471DC6E886007F4CE9 = {
						CreatedOnToolsVersion = 8.0;
						ProvisioningStyle = Automatic;
						TestTargetID = 4BF783231DC6E885007F4CE9;
					};
				};
			};
			buildConfigurationList = 4BF7831F1DC6E885007F4CE9 /* Build configuration list for PBXProject "KLoopBanner" */;
			compatibilityVersion = "Xcode 3.2";
			developmentRegion = English;
			hasScannedForEncodings = 0;
			knownRegions = (
				English,
				en,
				Base,
			);
			mainGroup = 4BF7831B1DC6E885007F4CE9;
			productRefGroup = 4BF783251DC6E885007F4CE9 /* Products */;
			projectDirPath = "";
			projectRoot = "";
			targets = (
				4BF783231DC6E885007F4CE9 /* KLoopBanner */,
				4BF7833C1DC6E886007F4CE9 /* KLoopBannerTests */,
				4BF783471DC6E886007F4CE9 /* KLoopBannerUITests */,
			);
		};
/* End PBXProject section */

/* Begin PBXResourcesBuildPhase section */
		4BF783221DC6E885007F4CE9 /* Resources */ = {
			isa = PBXResourcesBuildPhase;
			buildActionMask = 2147483647;
			files = (
				4B6BAF6C1DC72566006BC6A9 /* image_6.jpg in Resources */,
				4B6BAF6F1DC72566006BC6A9 /* image_9.jpg in Resources */,
				4B6BAF6D1DC72566006BC6A9 /* image_7.jpg in Resources */,
				4B6BAF6A1DC72566006BC6A9 /* image_4.jpg in Resources */,
				4B6BAF671DC72566006BC6A9 /* image_1.jpg in Resources */,
				4B6BAF661DC72566006BC6A9 /* image_0.jpg in Resources */,
				4B6BAF681DC72566006BC6A9 /* image_2.jpg in Resources */,
				4BF783371DC6E885007F4CE9 /* LaunchScreen.storyboard in Resources */,
				4BF783341DC6E885007F4CE9 /* Assets.xcassets in Resources */,
				4B6BAF6E1DC72566006BC6A9 /* image_8.jpg in Resources */,
				4B6BAF751DC725D7006BC6A9 /* Images.plist in Resources */,
				4B6BAF691DC72566006BC6A9 /* image_3.jpg in Resources */,
				4BF783321DC6E885007F4CE9 /* Main.storyboard in Resources */,
				4B6BAF6B1DC72566006BC6A9 /* image_5.jpg in Resources */,
			);
			runOnlyForDeploymentPostprocessing = 0;
		};
		4BF7833B1DC6E886007F4CE9 /* Resources */ = {
			isa = PBXResourcesBuildPhase;
			buildActionMask = 2147483647;
			files = (
			);
			runOnlyForDeploymentPostprocessing = 0;
		};
		4BF783461DC6E886007F4CE9 /* Resources */ = {
			isa = PBXResourcesBuildPhase;
			buildActionMask = 2147483647;
			files = (
			);
			runOnlyForDeploymentPostprocessing = 0;
		};
/* End PBXResourcesBuildPhase section */

/* Begin PBXSourcesBuildPhase section */
		4BF783201DC6E885007F4CE9 /* Sources */ = {
			isa = PBXSourcesBuildPhase;
			buildActionMask = 2147483647;
			files = (
				4B6BAF561DC724E4006BC6A9 /* KBannerViewFollow.m in Sources */,
				4BF7832C1DC6E885007F4CE9 /* AppDelegate.m in Sources */,
				4BF783291DC6E885007F4CE9 /* main.m in Sources */,
				4B6BAF571DC724E4006BC6A9 /* SConentView.m in Sources */,
				4B6BAF731DC725C2006BC6A9 /* ViewController.m in Sources */,
			);
			runOnlyForDeploymentPostprocessing = 0;
		};
		4BF783391DC6E886007F4CE9 /* Sources */ = {
			isa = PBXSourcesBuildPhase;
			buildActionMask = 2147483647;
			files = (
				4BF783421DC6E886007F4CE9 /* KLoopBannerTests.m in Sources */,
			);
			runOnlyForDeploymentPostprocessing = 0;
		};
		4BF783441DC6E886007F4CE9 /* Sources */ = {
			isa = PBXSourcesBuildPhase;
			buildActionMask = 2147483647;
			files = (
				4BF7834D1DC6E886007F4CE9 /* KLoopBannerUITests.m in Sources */,
			);
			runOnlyForDeploymentPostprocessing = 0;
		};
/* End PBXSourcesBuildPhase section */

/* Begin PBXTargetDependency section */
		4BF7833F1DC6E886007F4CE9 /* PBXTargetDependency */ = {
			isa = PBXTargetDependency;
			target = 4BF783231DC6E885007F4CE9 /* KLoopBanner */;
			targetProxy = 4BF7833E1DC6E886007F4CE9 /* PBXContainerItemProxy */;
		};
		4BF7834A1DC6E886007F4CE9 /* PBXTargetDependency */ = {
			isa = PBXTargetDependency;
			target = 4BF783231DC6E885007F4CE9 /* KLoopBanner */;
			targetProxy = 4BF783491DC6E886007F4CE9 /* PBXContainerItemProxy */;
		};
/* End PBXTargetDependency section */

/* Begin PBXVariantGroup section */
		4BF783301DC6E885007F4CE9 /* Main.storyboard */ = {
			isa = PBXVariantGroup;
			children = (
				4BF783311DC6E885007F4CE9 /* Base */,
			);
			name = Main.storyboard;
			sourceTree = "<group>";
		};
		4BF783351DC6E885007F4CE9 /* LaunchScreen.storyboard */ = {
			isa = PBXVariantGroup;
			children = (
				4BF783361DC6E885007F4CE9 /* Base */,
			);
			name = LaunchScreen.storyboard;
			sourceTree = "<group>";
		};
/* End PBXVariantGroup section */

/* Begin XCBuildConfiguration section */
		4BF7834F1DC6E886007F4CE9 /* Debug */ = {
			isa = XCBuildConfiguration;
			buildSettings = {
				ALWAYS_SEARCH_USER_PATHS = NO;
				CLANG_ANALYZER_NONNULL = YES;
				CLANG_CXX_LANGUAGE_STANDARD = "gnu++0x";
				CLANG_CXX_LIBRARY = "libc++";
				CLANG_ENABLE_MODULES = YES;
				CLANG_ENABLE_OBJC_ARC = YES;
				CLANG_WARN_BOOL_CONVERSION = YES;
				CLANG_WARN_CONSTANT_CONVERSION = YES;
				CLANG_WARN_DIRECT_OBJC_ISA_USAGE = YES_ERROR;
				CLANG_WARN_DOCUMENTATION_COMMENTS = YES;
				CLANG_WARN_EMPTY_BODY = YES;
				CLANG_WARN_ENUM_CONVERSION = YES;
				CLANG_WARN_INFINITE_RECURSION = YES;
				CLANG_WARN_INT_CONVERSION = YES;
				CLANG_WARN_OBJC_ROOT_CLASS = YES_ERROR;
				CLANG_WARN_SUSPICIOUS_MOVES = YES;
				CLANG_WARN_UNREACHABLE_CODE = YES;
				CLANG_WARN__DUPLICATE_METHOD_MATCH = YES;
				"CODE_SIGN_IDENTITY[sdk=iphoneos*]" = "iPhone Developer";
				COPY_PHASE_STRIP = NO;
				DEBUG_INFORMATION_FORMAT = dwarf;
				ENABLE_STRICT_OBJC_MSGSEND = YES;
				ENABLE_TESTABILITY = YES;
				GCC_C_LANGUAGE_STANDARD = gnu99;
				GCC_DYNAMIC_NO_PIC = NO;
				GCC_NO_COMMON_BLOCKS = YES;
				GCC_OPTIMIZATION_LEVEL = 0;
				GCC_PREPROCESSOR_DEFINITIONS = (
					"DEBUG=1",
					"$(inherited)",
				);
				GCC_WARN_64_TO_32_BIT_CONVERSION = YES;
				GCC_WARN_ABOUT_RETURN_TYPE = YES_ERROR;
				GCC_WARN_UNDECLARED_SELECTOR = YES;
				GCC_WARN_UNINITIALIZED_AUTOS = YES_AGGRESSIVE;
				GCC_WARN_UNUSED_FUNCTION = YES;
				GCC_WARN_UNUSED_VARIABLE = YES;
				IPHONEOS_DEPLOYMENT_TARGET = 10.0;
				MTL_ENABLE_DEBUG_INFO = YES;
				ONLY_ACTIVE_ARCH = YES;
				SDKROOT = iphoneos;
				TARGETED_DEVICE_FAMILY = "1,2";
			};
			name = Debug;
		};
		4BF783501DC6E886007F4CE9 /* Release */ = {
			isa = XCBuildConfiguration;
			buildSettings = {
				ALWAYS_SEARCH_USER_PATHS = NO;
				CLANG_ANALYZER_NONNULL = YES;
				CLANG_CXX_LANGUAGE_STANDARD = "gnu++0x";
				CLANG_CXX_LIBRARY = "libc++";
				CLANG_ENABLE_MODULES = YES;
				CLANG_ENABLE_OBJC_ARC = YES;
				CLANG_WARN_BOOL_CONVERSION = YES;
				CLANG_WARN_CONSTANT_CONVERSION = YES;
				CLANG_WARN_DIRECT_OBJC_ISA_USAGE = YES_ERROR;
				CLANG_WARN_DOCUMENTATION_COMMENTS = YES;
				CLANG_WARN_EMPTY_BODY = YES;
				CLANG_WARN_ENUM_CONVERSION = YES;
				CLANG_WARN_INFINITE_RECURSION = YES;
				CLANG_WARN_INT_CONVERSION = YES;
				CLANG_WARN_OBJC_ROOT_CLASS = YES_ERROR;
				CLANG_WARN_SUSPICIOUS_MOVES = YES;
				CLANG_WARN_UNREACHABLE_CODE = YES;
				CLANG_WARN__DUPLICATE_METHOD_MATCH = YES;
				"CODE_SIGN_IDENTITY[sdk=iphoneos*]" = "iPhone Developer";
				COPY_PHASE_STRIP = NO;
				DEBUG_INFORMATION_FORMAT = "dwarf-with-dsym";
				ENABLE_NS_ASSERTIONS = NO;
				ENABLE_STRICT_OBJC_MSGSEND = YES;
				GCC_C_LANGUAGE_STANDARD = gnu99;
				GCC_NO_COMMON_BLOCKS = YES;
				GCC_WARN_64_TO_32_BIT_CONVERSION = YES;
				GCC_WARN_ABOUT_RETURN_TYPE = YES_ERROR;
				GCC_WARN_UNDECLARED_SELECTOR = YES;
				GCC_WARN_UNINITIALIZED_AUTOS = YES_AGGRESSIVE;
				GCC_WARN_UNUSED_FUNCTION = YES;
				GCC_WARN_UNUSED_VARIABLE = YES;
				IPHONEOS_DEPLOYMENT_TARGET = 10.0;
				MTL_ENABLE_DEBUG_INFO = NO;
				SDKROOT = iphoneos;
				TARGETED_DEVICE_FAMILY = "1,2";
				VALIDATE_PRODUCT = YES;
			};
			name = Release;
		};
		4BF783521DC6E886007F4CE9 /* Debug */ = {
			isa = XCBuildConfiguration;
			buildSettings = {
				ASSETCATALOG_COMPILER_APPICON_NAME = AppIcon;
				INFOPLIST_FILE = KLoopBanner/Info.plist;
				IPHONEOS_DEPLOYMENT_TARGET = 8.2;
				LD_RUNPATH_SEARCH_PATHS = "$(inherited) @executable_path/Frameworks $(PLATFORM_DIR)/Developer/Library/Frameworks";
				PRODUCT_BUNDLE_IDENTIFIER = KongPro.KLoopBanner;
				PRODUCT_NAME = "$(TARGET_NAME)";
			};
			name = Debug;
		};
		4BF783531DC6E886007F4CE9 /* Release */ = {
			isa = XCBuildConfiguration;
			buildSettings = {
				ASSETCATALOG_COMPILER_APPICON_NAME = AppIcon;
				INFOPLIST_FILE = KLoopBanner/Info.plist;
				IPHONEOS_DEPLOYMENT_TARGET = 8.2;
				LD_RUNPATH_SEARCH_PATHS = "$(inherited) @executable_path/Frameworks $(PLATFORM_DIR)/Developer/Library/Frameworks";
				PRODUCT_BUNDLE_IDENTIFIER = KongPro.KLoopBanner;
				PRODUCT_NAME = "$(TARGET_NAME)";
			};
			name = Release;
		};
		4BF783551DC6E886007F4CE9 /* Debug */ = {
			isa = XCBuildConfiguration;
			buildSettings = {
				BUNDLE_LOADER = "$(TEST_HOST)";
				INFOPLIST_FILE = KLoopBannerTests/Info.plist;
				LD_RUNPATH_SEARCH_PATHS = "$(inherited) @executable_path/Frameworks @loader_path/Frameworks";
				PRODUCT_BUNDLE_IDENTIFIER = KongPro.KLoopBannerTests;
				PRODUCT_NAME = "$(TARGET_NAME)";
				TEST_HOST = "$(BUILT_PRODUCTS_DIR)/KLoopBanner.app/KLoopBanner";
			};
			name = Debug;
		};
		4BF783561DC6E886007F4CE9 /* Release */ = {
			isa = XCBuildConfiguration;
			buildSettings = {
				BUNDLE_LOADER = "$(TEST_HOST)";
				INFOPLIST_FILE = KLoopBannerTests/Info.plist;
				LD_RUNPATH_SEARCH_PATHS = "$(inherited) @executable_path/Frameworks @loader_path/Frameworks";
				PRODUCT_BUNDLE_IDENTIFIER = KongPro.KLoopBannerTests;
				PRODUCT_NAME = "$(TARGET_NAME)";
				TEST_HOST = "$(BUILT_PRODUCTS_DIR)/KLoopBanner.app/KLoopBanner";
			};
			name = Release;
		};
		4BF783581DC6E886007F4CE9 /* Debug */ = {
			isa = XCBuildConfiguration;
			buildSettings = {
				INFOPLIST_FILE = KLoopBannerUITests/Info.plist;
				LD_RUNPATH_SEARCH_PATHS = "$(inherited) @executable_path/Frameworks @loader_path/Frameworks";
				PRODUCT_BUNDLE_IDENTIFIER = KongPro.KLoopBannerUITests;
				PRODUCT_NAME = "$(TARGET_NAME)";
				TEST_TARGET_NAME = KLoopBanner;
			};
			name = Debug;
		};
		4BF783591DC6E886007F4CE9 /* Release */ = {
			isa = XCBuildConfiguration;
			buildSettings = {
				INFOPLIST_FILE = KLoopBannerUITests/Info.plist;
				LD_RUNPATH_SEARCH_PATHS = "$(inherited) @executable_path/Frameworks @loader_path/Frameworks";
				PRODUCT_BUNDLE_IDENTIFIER = KongPro.KLoopBannerUITests;
				PRODUCT_NAME = "$(TARGET_NAME)";
				TEST_TARGET_NAME = KLoopBanner;
			};
			name = Release;
		};
/* End XCBuildConfiguration section */

/* Begin XCConfigurationList section */
		4BF7831F1DC6E885007F4CE9 /* Build configuration list for PBXProject "KLoopBanner" */ = {
			isa = XCConfigurationList;
			buildConfigurations = (
				4BF7834F1DC6E886007F4CE9 /* Debug */,
				4BF783501DC6E886007F4CE9 /* Release */,
			);
			defaultConfigurationIsVisible = 0;
			defaultConfigurationName = Release;
		};
		4BF783511DC6E886007F4CE9 /* Build configuration list for PBXNativeTarget "KLoopBanner" */ = {
			isa = XCConfigurationList;
			buildConfigurations = (
				4BF783521DC6E886007F4CE9 /* Debug */,
				4BF783531DC6E886007F4CE9 /* Release */,
			);
			defaultConfigurationIsVisible = 0;
			defaultConfigurationName = Release;
		};
		4BF783541DC6E886007F4CE9 /* Build configuration list for PBXNativeTarget "KLoopBannerTests" */ = {
			isa = XCConfigurationList;
			buildConfigurations = (
				4BF783551DC6E886007F4CE9 /* Debug */,
				4BF783561DC6E886007F4CE9 /* Release */,
			);
			defaultConfigurationIsVisible = 0;
			defaultConfigurationName = Release;
		};
		4BF783571DC6E886007F4CE9 /* Build configuration list for PBXNativeTarget "KLoopBannerUITests" */ = {
			isa = XCConfigurationList;
			buildConfigurations = (
				4BF783581DC6E886007F4CE9 /* Debug */,
				4BF783591DC6E886007F4CE9 /* Release */,
			);
			defaultConfigurationIsVisible = 0;
			defaultConfigurationName = Release;
		};
/* End XCConfigurationList section */
	};
	rootObject = 4BF7831C1DC6E885007F4CE9 /* Project object */;
}
